// !$*UTF8*$!
{
	archiveVersion = 1;
	classes = {
	};
	objectVersion = 55;
	objects = {

/* Begin PBXBuildFile section */
		5816CD4B283F0E050051A5AE /* LifeHacksApp.swift in Sources */ = {isa = PBXBuildFile; fileRef = 5816CD4A283F0E050051A5AE /* LifeHacksApp.swift */; };
		5816CD4D283F0E050051A5AE /* ContentView.swift in Sources */ = {isa = PBXBuildFile; fileRef = 5816CD4C283F0E050051A5AE /* ContentView.swift */; };
		5816CD4F283F0E060051A5AE /* Assets.xcassets in Resources */ = {isa = PBXBuildFile; fileRef = 5816CD4E283F0E060051A5AE /* Assets.xcassets */; };
		5816CD52283F0E060051A5AE /* Preview Assets.xcassets in Resources */ = {isa = PBXBuildFile; fileRef = 5816CD51283F0E060051A5AE /* Preview Assets.xcassets */; };
		5816CD5C283F0E060051A5AE /* LifeHacksTests.swift in Sources */ = {isa = PBXBuildFile; fileRef = 5816CD5B283F0E060051A5AE /* LifeHacksTests.swift */; };
		5816CD66283F0E060051A5AE /* LifeHacksUITests.swift in Sources */ = {isa = PBXBuildFile; fileRef = 5816CD65283F0E060051A5AE /* LifeHacksUITests.swift */; };
		5816CD68283F0E060051A5AE /* LifeHacksUITestsLaunchTests.swift in Sources */ = {isa = PBXBuildFile; fileRef = 5816CD67283F0E060051A5AE /* LifeHacksUITestsLaunchTests.swift */; };
/* End PBXBuildFile section */

/* Begin PBXContainerItemProxy section */
		5816CD58283F0E060051A5AE /* PBXContainerItemProxy */ = {
			isa = PBXContainerItemProxy;
			containerPortal = 5816CD3F283F0E050051A5AE /* Project object */;
			proxyType = 1;
			remoteGlobalIDString = 5816CD46283F0E050051A5AE;
			remoteInfo = LifeHacks;
		};
		5816CD62283F0E060051A5AE /* PBXContainerItemProxy */ = {
			isa = PBXContainerItemProxy;
			containerPortal = 5816CD3F283F0E050051A5AE /* Project object */;
			proxyType = 1;
			remoteGlobalIDString = 5816CD46283F0E050051A5AE;
			remoteInfo = LifeHacks;
		};
/* End PBXContainerItemProxy section */

/* Begin PBXFileReference section */
		5816CD47283F0E050051A5AE /* LifeHacks.app */ = {isa = PBXFileReference; explicitFileType = wrapper.application; includeInIndex = 0; path = LifeHacks.app; sourceTree = BUILT_PRODUCTS_DIR; };
		5816CD4A283F0E050051A5AE /* LifeHacksApp.swift */ = {isa = PBXFileReference; lastKnownFileType = sourcecode.swift; path = LifeHacksApp.swift; sourceTree = "<group>"; };
		5816CD4C283F0E050051A5AE /* ContentView.swift */ = {isa = PBXFileReference; lastKnownFileType = sourcecode.swift; path = ContentView.swift; sourceTree = "<group>"; };
		5816CD4E283F0E060051A5AE /* Assets.xcassets */ = {isa = PBXFileReference; lastKnownFileType = folder.assetcatalog; path = Assets.xcassets; sourceTree = "<group>"; };
		5816CD51283F0E060051A5AE /* Preview Assets.xcassets */ = {isa = PBXFileReference; lastKnownFileType = folder.assetcatalog; path = "Preview Assets.xcassets"; sourceTree = "<group>"; };
		5816CD57283F0E060051A5AE /* LifeHacksTests.xctest */ = {isa = PBXFileReference; explicitFileType = wrapper.cfbundle; includeInIndex = 0; path = LifeHacksTests.xctest; sourceTree = BUILT_PRODUCTS_DIR; };
		5816CD5B283F0E060051A5AE /* LifeHacksTests.swift */ = {isa = PBXFileReference; lastKnownFileType = sourcecode.swift; path = LifeHacksTests.swift; sourceTree = "<group>"; };
		5816CD61283F0E060051A5AE /* LifeHacksUITests.xctest */ = {isa = PBXFileReference; explicitFileType = wrapper.cfbundle; includeInIndex = 0; path = LifeHacksUITests.xctest; sourceTree = BUILT_PRODUCTS_DIR; };
		5816CD65283F0E060051A5AE /* LifeHacksUITests.swift */ = {isa = PBXFileReference; lastKnownFileType = sourcecode.swift; path = LifeHacksUITests.swift; sourceTree = "<group>"; };
		5816CD67283F0E060051A5AE /* LifeHacksUITestsLaunchTests.swift */ = {isa = PBXFileReference; lastKnownFileType = sourcecode.swift; path = LifeHacksUITestsLaunchTests.swift; sourceTree = "<group>"; };
/* End PBXFileReference section */

/* Begin PBXFrameworksBuildPhase section */
		5816CD44283F0E050051A5AE /* Frameworks */ = {
			isa = PBXFrameworksBuildPhase;
			buildActionMask = 2147483647;
			files = (
			);
			runOnlyForDeploymentPostprocessing = 0;
		};
		5816CD54283F0E060051A5AE /* Frameworks */ = {
			isa = PBXFrameworksBuildPhase;
			buildActionMask = 2147483647;
			files = (
			);
			runOnlyForDeploymentPostprocessing = 0;
		};
		5816CD5E283F0E060051A5AE /* Frameworks */ = {
			isa = PBXFrameworksBuildPhase;
			buildActionMask = 2147483647;
			files = (
			);
			runOnlyForDeploymentPostprocessing = 0;
		};
/* End PBXFrameworksBuildPhase section */

/* Begin PBXGroup section */
		5816CD3E283F0E050051A5AE = {
			isa = PBXGroup;
			children = (
				5816CD49283F0E050051A5AE /* LifeHacks */,
				5816CD5A283F0E060051A5AE /* LifeHacksTests */,
				5816CD64283F0E060051A5AE /* LifeHacksUITests */,
				5816CD48283F0E050051A5AE /* Products */,
			);
			sourceTree = "<group>";
		};
		5816CD48283F0E050051A5AE /* Products */ = {
			isa = PBXGroup;
			children = (
				5816CD47283F0E050051A5AE /* LifeHacks.app */,
				5816CD57283F0E060051A5AE /* LifeHacksTests.xctest */,
				5816CD61283F0E060051A5AE /* LifeHacksUITests.xctest */,
			);
			name = Products;
			sourceTree = "<group>";
		};
		5816CD49283F0E050051A5AE /* LifeHacks */ = {
			isa = PBXGroup;
			children = (
				5816CD4A283F0E050051A5AE /* LifeHacksApp.swift */,
				5816CD4C283F0E050051A5AE /* ContentView.swift */,
				5816CD4E283F0E060051A5AE /* Assets.xcassets */,
				5816CD50283F0E060051A5AE /* Preview Content */,
			);
			path = LifeHacks;
			sourceTree = "<group>";
		};
		5816CD50283F0E060051A5AE /* Preview Content */ = {
			isa = PBXGroup;
			children = (
				5816CD51283F0E060051A5AE /* Preview Assets.xcassets */,
			);
			path = "Preview Content";
			sourceTree = "<group>";
		};
		5816CD5A283F0E060051A5AE /* LifeHacksTests */ = {
			isa = PBXGroup;
			children = (
				5816CD5B283F0E060051A5AE /* LifeHacksTests.swift */,
			);
			path = LifeHacksTests;
			sourceTree = "<group>";
		};
		5816CD64283F0E060051A5AE /* LifeHacksUITests */ = {
			isa = PBXGroup;
			children = (
				5816CD65283F0E060051A5AE /* LifeHacksUITests.swift */,
				5816CD67283F0E060051A5AE /* LifeHacksUITestsLaunchTests.swift */,
			);
			path = LifeHacksUITests;
			sourceTree = "<group>";
		};
/* End PBXGroup section */

/* Begin PBXNativeTarget section */
		5816CD46283F0E050051A5AE /* LifeHacks */ = {
			isa = PBXNativeTarget;
			buildConfigurationList = 5816CD6B283F0E060051A5AE /* Build configuration list for PBXNativeTarget "LifeHacks" */;
			buildPhases = (
				5816CD43283F0E050051A5AE /* Sources */,
				5816CD44283F0E050051A5AE /* Frameworks */,
				5816CD45283F0E050051A5AE /* Resources */,
			);
			buildRules = (
			);
			dependencies = (
			);
			name = LifeHacks;
			productName = LifeHacks;
			productReference = 5816CD47283F0E050051A5AE /* LifeHacks.app */;
			productType = "com.apple.product-type.application";
		};
		5816CD56283F0E060051A5AE /* LifeHacksTests */ = {
			isa = PBXNativeTarget;
			buildConfigurationList = 5816CD6E283F0E060051A5AE /* Build configuration list for PBXNativeTarget "LifeHacksTests" */;
			buildPhases = (
				5816CD53283F0E060051A5AE /* Sources */,
				5816CD54283F0E060051A5AE /* Frameworks */,
				5816CD55283F0E060051A5AE /* Resources */,
			);
			buildRules = (
			);
			dependencies = (
				5816CD59283F0E060051A5AE /* PBXTargetDependency */,
			);
			name = LifeHacksTests;
			productName = LifeHacksTests;
			productReference = 5816CD57283F0E060051A5AE /* LifeHacksTests.xctest */;
			productType = "com.apple.product-type.bundle.unit-test";
		};
		5816CD60283F0E060051A5AE /* LifeHacksUITests */ = {
			isa = PBXNativeTarget;
			buildConfigurationList = 5816CD71283F0E060051A5AE /* Build configuration list for PBXNativeTarget "LifeHacksUITests" */;
			buildPhases = (
				5816CD5D283F0E060051A5AE /* Sources */,
				5816CD5E283F0E060051A5AE /* Frameworks */,
				5816CD5F283F0E060051A5AE /* Resources */,
			);
			buildRules = (
			);
			dependencies = (
				5816CD63283F0E060051A5AE /* PBXTargetDependency */,
			);
			name = LifeHacksUITests;
			productName = LifeHacksUITests;
			productReference = 5816CD61283F0E060051A5AE /* LifeHacksUITests.xctest */;
			productType = "com.apple.product-type.bundle.ui-testing";
		};
/* End PBXNativeTarget section */

/* Begin PBXProject section */
		5816CD3F283F0E050051A5AE /* Project object */ = {
			isa = PBXProject;
			attributes = {
				BuildIndependentTargetsInParallel = 1;
				LastSwiftUpdateCheck = 1340;
				LastUpgradeCheck = 1340;
				TargetAttributes = {
					5816CD46283F0E050051A5AE = {
						CreatedOnToolsVersion = 13.4;
					};
					5816CD56283F0E060051A5AE = {
						CreatedOnToolsVersion = 13.4;
						TestTargetID = 5816CD46283F0E050051A5AE;
					};
					5816CD60283F0E060051A5AE = {
						CreatedOnToolsVersion = 13.4;
						TestTargetID = 5816CD46283F0E050051A5AE;
					};
				};
			};
			buildConfigurationList = 5816CD42283F0E050051A5AE /* Build configuration list for PBXProject "LifeHacks" */;
			compatibilityVersion = "Xcode 13.0";
			developmentRegion = en;
			hasScannedForEncodings = 0;
			knownRegions = (
				en,
				Base,
			);
			mainGroup = 5816CD3E283F0E050051A5AE;
			productRefGroup = 5816CD48283F0E050051A5AE /* Products */;
			projectDirPath = "";
			projectRoot = "";
			targets = (
				5816CD46283F0E050051A5AE /* LifeHacks */,
				5816CD56283F0E060051A5AE /* LifeHacksTests */,
				5816CD60283F0E060051A5AE /* LifeHacksUITests */,
			);
		};
/* End PBXProject section */

/* Begin PBXResourcesBuildPhase section */
		5816CD45283F0E050051A5AE /* Resources */ = {
			isa = PBXResourcesBuildPhase;
			buildActionMask = 2147483647;
			files = (
				5816CD52283F0E060051A5AE /* Preview Assets.xcassets in Resources */,
				5816CD4F283F0E060051A5AE /* Assets.xcassets in Resources */,
			);
			runOnlyForDeploymentPostprocessing = 0;
		};
		5816CD55283F0E060051A5AE /* Resources */ = {
			isa = PBXResourcesBuildPhase;
			buildActionMask = 2147483647;
			files = (
			);
			runOnlyForDeploymentPostprocessing = 0;
		};
		5816CD5F283F0E060051A5AE /* Resources */ = {
			isa = PBXResourcesBuildPhase;
			buildActionMask = 2147483647;
			files = (
			);
			runOnlyForDeploymentPostprocessing = 0;
		};
/* End PBXResourcesBuildPhase section */

/* Begin PBXSourcesBuildPhase section */
		5816CD43283F0E050051A5AE /* Sources */ = {
			isa = PBXSourcesBuildPhase;
			buildActionMask = 2147483647;
			files = (
				5816CD4D283F0E050051A5AE /* ContentView.swift in Sources */,
				5816CD4B283F0E050051A5AE /* LifeHacksApp.swift in Sources */,
			);
			runOnlyForDeploymentPostprocessing = 0;
		};
		5816CD53283F0E060051A5AE /* Sources */ = {
			isa = PBXSourcesBuildPhase;
			buildActionMask = 2147483647;
			files = (
				5816CD5C283F0E060051A5AE /* LifeHacksTests.swift in Sources */,
			);
			runOnlyForDeploymentPostprocessing = 0;
		};
		5816CD5D283F0E060051A5AE /* Sources */ = {
			isa = PBXSourcesBuildPhase;
			buildActionMask = 2147483647;
			files = (
				5816CD66283F0E060051A5AE /* LifeHacksUITests.swift in Sources */,
				5816CD68283F0E060051A5AE /* LifeHacksUITestsLaunchTests.swift in Sources */,
			);
			runOnlyForDeploymentPostprocessing = 0;
		};
/* End PBXSourcesBuildPhase section */

/* Begin PBXTargetDependency section */
		5816CD59283F0E060051A5AE /* PBXTargetDependency */ = {
			isa = PBXTargetDependency;
			target = 5816CD46283F0E050051A5AE /* LifeHacks */;
			targetProxy = 5816CD58283F0E060051A5AE /* PBXContainerItemProxy */;
		};
		5816CD63283F0E060051A5AE /* PBXTargetDependency */ = {
			isa = PBXTargetDependency;
			target = 5816CD46283F0E050051A5AE /* LifeHacks */;
			targetProxy = 5816CD62283F0E060051A5AE /* PBXContainerItemProxy */;
		};
/* End PBXTargetDependency section */

/* Begin XCBuildConfiguration section */
		5816CD69283F0E060051A5AE /* Debug */ = {
			isa = XCBuildConfiguration;
			buildSettings = {
				ALWAYS_SEARCH_USER_PATHS = NO;
				CLANG_ANALYZER_NONNULL = YES;
				CLANG_ANALYZER_NUMBER_OBJECT_CONVERSION = YES_AGGRESSIVE;
				CLANG_CXX_LANGUAGE_STANDARD = "gnu++17";
				CLANG_ENABLE_MODULES = YES;
				CLANG_ENABLE_OBJC_ARC = YES;
				CLANG_ENABLE_OBJC_WEAK = YES;
				CLANG_WARN_BLOCK_CAPTURE_AUTORELEASING = YES;
				CLANG_WARN_BOOL_CONVERSION = YES;
				CLANG_WARN_COMMA = YES;
				CLANG_WARN_CONSTANT_CONVERSION = YES;
				CLANG_WARN_DEPRECATED_OBJC_IMPLEMENTATIONS = YES;
				CLANG_WARN_DIRECT_OBJC_ISA_USAGE = YES_ERROR;
				CLANG_WARN_DOCUMENTATION_COMMENTS = YES;
				CLANG_WARN_EMPTY_BODY = YES;
				CLANG_WARN_ENUM_CONVERSION = YES;
				CLANG_WARN_INFINITE_RECURSION = YES;
				CLANG_WARN_INT_CONVERSION = YES;
				CLANG_WARN_NON_LITERAL_NULL_CONVERSION = YES;
				CLANG_WARN_OBJC_IMPLICIT_RETAIN_SELF = YES;
				CLANG_WARN_OBJC_LITERAL_CONVERSION = YES;
				CLANG_WARN_OBJC_ROOT_CLASS = YES_ERROR;
				CLANG_WARN_QUOTED_INCLUDE_IN_FRAMEWORK_HEADER = YES;
				CLANG_WARN_RANGE_LOOP_ANALYSIS = YES;
				CLANG_WARN_STRICT_PROTOTYPES = YES;
				CLANG_WARN_SUSPICIOUS_MOVE = YES;
				CLANG_WARN_UNGUARDED_AVAILABILITY = YES_AGGRESSIVE;
				CLANG_WARN_UNREACHABLE_CODE = YES;
				CLANG_WARN__DUPLICATE_METHOD_MATCH = YES;
				COPY_PHASE_STRIP = NO;
				DEBUG_INFORMATION_FORMAT = dwarf;
				ENABLE_STRICT_OBJC_MSGSEND = YES;
				ENABLE_TESTABILITY = YES;
				GCC_C_LANGUAGE_STANDARD = gnu11;
				GCC_DYNAMIC_NO_PIC = NO;
				GCC_NO_COMMON_BLOCKS = YES;
				GCC_OPTIMIZATION_LEVEL = 0;
				GCC_PREPROCESSOR_DEFINITIONS = (
					"DEBUG=1",
					"$(inherited)",
				);
				GCC_WARN_64_TO_32_BIT_CONVERSION = YES;
				GCC_WARN_ABOUT_RETURN_TYPE = YES_ERROR;
				GCC_WARN_UNDECLARED_SELECTOR = YES;
				GCC_WARN_UNINITIALIZED_AUTOS = YES_AGGRESSIVE;
				GCC_WARN_UNUSED_FUNCTION = YES;
				GCC_WARN_UNUSED_VARIABLE = YES;
				IPHONEOS_DEPLOYMENT_TARGET = 15.5;
				MTL_ENABLE_DEBUG_INFO = INCLUDE_SOURCE;
				MTL_FAST_MATH = YES;
				ONLY_ACTIVE_ARCH = YES;
				SDKROOT = iphoneos;
				SWIFT_ACTIVE_COMPILATION_CONDITIONS = DEBUG;
				SWIFT_OPTIMIZATION_LEVEL = "-Onone";
			};
			name = Debug;
		};
		5816CD6A283F0E060051A5AE /* Release */ = {
			isa = XCBuildConfiguration;
			buildSettings = {
				ALWAYS_SEARCH_USER_PATHS = NO;
				CLANG_ANALYZER_NONNULL = YES;
				CLANG_ANALYZER_NUMBER_OBJECT_CONVERSION = YES_AGGRESSIVE;
				CLANG_CXX_LANGUAGE_STANDARD = "gnu++17";
				CLANG_ENABLE_MODULES = YES;
				CLANG_ENABLE_OBJC_ARC = YES;
				CLANG_ENABLE_OBJC_WEAK = YES;
				CLANG_WARN_BLOCK_CAPTURE_AUTORELEASING = YES;
				CLANG_WARN_BOOL_CONVERSION = YES;
				CLANG_WARN_COMMA = YES;
				CLANG_WARN_CONSTANT_CONVERSION = YES;
				CLANG_WARN_DEPRECATED_OBJC_IMPLEMENTATIONS = YES;
				CLANG_WARN_DIRECT_OBJC_ISA_USAGE = YES_ERROR;
				CLANG_WARN_DOCUMENTATION_COMMENTS = YES;
				CLANG_WARN_EMPTY_BODY = YES;
				CLANG_WARN_ENUM_CONVERSION = YES;
				CLANG_WARN_INFINITE_RECURSION = YES;
				CLANG_WARN_INT_CONVERSION = YES;
				CLANG_WARN_NON_LITERAL_NULL_CONVERSION = YES;
				CLANG_WARN_OBJC_IMPLICIT_RETAIN_SELF = YES;
				CLANG_WARN_OBJC_LITERAL_CONVERSION = YES;
				CLANG_WARN_OBJC_ROOT_CLASS = YES_ERROR;
				CLANG_WARN_QUOTED_INCLUDE_IN_FRAMEWORK_HEADER = YES;
				CLANG_WARN_RANGE_LOOP_ANALYSIS = YES;
				CLANG_WARN_STRICT_PROTOTYPES = YES;
				CLANG_WARN_SUSPICIOUS_MOVE = YES;
				CLANG_WARN_UNGUARDED_AVAILABILITY = YES_AGGRESSIVE;
				CLANG_WARN_UNREACHABLE_CODE = YES;
				CLANG_WARN__DUPLICATE_METHOD_MATCH = YES;
				COPY_PHASE_STRIP = NO;
				DEBUG_INFORMATION_FORMAT = "dwarf-with-dsym";
				ENABLE_NS_ASSERTIONS = NO;
				ENABLE_STRICT_OBJC_MSGSEND = YES;
				GCC_C_LANGUAGE_STANDARD = gnu11;
				GCC_NO_COMMON_BLOCKS = YES;
				GCC_WARN_64_TO_32_BIT_CONVERSION = YES;
				GCC_WARN_ABOUT_RETURN_TYPE = YES_ERROR;
				GCC_WARN_UNDECLARED_SELECTOR = YES;
				GCC_WARN_UNINITIALIZED_AUTOS = YES_AGGRESSIVE;
				GCC_WARN_UNUSED_FUNCTION = YES;
				GCC_WARN_UNUSED_VARIABLE = YES;
				IPHONEOS_DEPLOYMENT_TARGET = 15.5;
				MTL_ENABLE_DEBUG_INFO = NO;
				MTL_FAST_MATH = YES;
				SDKROOT = iphoneos;
				SWIFT_COMPILATION_MODE = wholemodule;
				SWIFT_OPTIMIZATION_LEVEL = "-O";
				VALIDATE_PRODUCT = YES;
			};
			name = Release;
		};
		5816CD6C283F0E060051A5AE /* Debug */ = {
			isa = XCBuildConfiguration;
			buildSettings = {
				ASSETCATALOG_COMPILER_APPICON_NAME = AppIcon;
				ASSETCATALOG_COMPILER_GLOBAL_ACCENT_COLOR_NAME = AccentColor;
				CODE_SIGN_STYLE = Automatic;
				CURRENT_PROJECT_VERSION = 1;
				DEVELOPMENT_ASSET_PATHS = "\"LifeHacks/Preview Content\"";
				DEVELOPMENT_TEAM = R27EL9WB63;
				ENABLE_PREVIEWS = YES;
				GENERATE_INFOPLIST_FILE = YES;
				INFOPLIST_KEY_UIApplicationSceneManifest_Generation = YES;
				INFOPLIST_KEY_UIApplicationSupportsIndirectInputEvents = YES;
				INFOPLIST_KEY_UILaunchScreen_Generation = YES;
				INFOPLIST_KEY_UISupportedInterfaceOrientations_iPad = "UIInterfaceOrientationPortrait UIInterfaceOrientationPortraitUpsideDown UIInterfaceOrientationLandscapeLeft UIInterfaceOrientationLandscapeRight";
				INFOPLIST_KEY_UISupportedInterfaceOrientations_iPhone = "UIInterfaceOrientationPortrait UIInterfaceOrientationLandscapeLeft UIInterfaceOrientationLandscapeRight";
				LD_RUNPATH_SEARCH_PATHS = (
					"$(inherited)",
					"@executable_path/Frameworks",
				);
				MARKETING_VERSION = 1.0;
				PRODUCT_BUNDLE_IDENTIFIER = com.azmobiledev.LifeHacks;
				PRODUCT_NAME = "$(TARGET_NAME)";
				SWIFT_EMIT_LOC_STRINGS = YES;
				SWIFT_VERSION = 5.0;
				TARGETED_DEVICE_FAMILY = "1,2";
			};
			name = Debug;
		};
		5816CD6D283F0E060051A5AE /* Release */ = {
			isa = XCBuildConfiguration;
			buildSettings = {
				ASSETCATALOG_COMPILER_APPICON_NAME = AppIcon;
				ASSETCATALOG_COMPILER_GLOBAL_ACCENT_COLOR_NAME = AccentColor;
				CODE_SIGN_STYLE = Automatic;
				CURRENT_PROJECT_VERSION = 1;
				DEVELOPMENT_ASSET_PATHS = "\"LifeHacks/Preview Content\"";
				DEVELOPMENT_TEAM = R27EL9WB63;
				ENABLE_PREVIEWS = YES;
				GENERATE_INFOPLIST_FILE = YES;
				INFOPLIST_KEY_UIApplicationSceneManifest_Generation = YES;
				INFOPLIST_KEY_UIApplicationSupportsIndirectInputEvents = YES;
				INFOPLIST_KEY_UILaunchScreen_Generation = YES;
				INFOPLIST_KEY_UISupportedInterfaceOrientations_iPad = "UIInterfaceOrientationPortrait UIInterfaceOrientationPortraitUpsideDown UIInterfaceOrientationLandscapeLeft UIInterfaceOrientationLandscapeRight";
				INFOPLIST_KEY_UISupportedInterfaceOrientations_iPhone = "UIInterfaceOrientationPortrait UIInterfaceOrientationLandscapeLeft UIInterfaceOrientationLandscapeRight";
				LD_RUNPATH_SEARCH_PATHS = (
					"$(inherited)",
					"@executable_path/Frameworks",
				);
				MARKETING_VERSION = 1.0;
				PRODUCT_BUNDLE_IDENTIFIER = com.azmobiledev.LifeHacks;
				PRODUCT_NAME = "$(TARGET_NAME)";
				SWIFT_EMIT_LOC_STRINGS = YES;
				SWIFT_VERSION = 5.0;
				TARGETED_DEVICE_FAMILY = "1,2";
			};
			name = Release;
		};
		5816CD6F283F0E060051A5AE /* Debug */ = {
			isa = XCBuildConfiguration;
			buildSettings = {
				ALWAYS_EMBED_SWIFT_STANDARD_LIBRARIES = YES;
				BUNDLE_LOADER = "$(TEST_HOST)";
				CODE_SIGN_STYLE = Automatic;
				CURRENT_PROJECT_VERSION = 1;
				DEVELOPMENT_TEAM = R27EL9WB63;
				GENERATE_INFOPLIST_FILE = YES;
				IPHONEOS_DEPLOYMENT_TARGET = 15.5;
				MARKETING_VERSION = 1.0;
				PRODUCT_BUNDLE_IDENTIFIER = com.azmobiledev.LifeHacksTests;
				PRODUCT_NAME = "$(TARGET_NAME)";
				SWIFT_EMIT_LOC_STRINGS = NO;
				SWIFT_VERSION = 5.0;
				TARGETED_DEVICE_FAMILY = "1,2";
				TEST_HOST = "$(BUILT_PRODUCTS_DIR)/LifeHacks.app/LifeHacks";
			};
			name = Debug;
		};
		5816CD70283F0E060051A5AE /* Release */ = {
			isa = XCBuildConfiguration;
			buildSettings = {
				ALWAYS_EMBED_SWIFT_STANDARD_LIBRARIES = YES;
				BUNDLE_LOADER = "$(TEST_HOST)";
				CODE_SIGN_STYLE = Automatic;
				CURRENT_PROJECT_VERSION = 1;
				DEVELOPMENT_TEAM = R27EL9WB63;
				GENERATE_INFOPLIST_FILE = YES;
				IPHONEOS_DEPLOYMENT_TARGET = 15.5;
				MARKETING_VERSION = 1.0;
				PRODUCT_BUNDLE_IDENTIFIER = com.azmobiledev.LifeHacksTests;
				PRODUCT_NAME = "$(TARGET_NAME)";
				SWIFT_EMIT_LOC_STRINGS = NO;
				SWIFT_VERSION = 5.0;
				TARGETED_DEVICE_FAMILY = "1,2";
				TEST_HOST = "$(BUILT_PRODUCTS_DIR)/LifeHacks.app/LifeHacks";
			};
			name = Release;
		};
		5816CD72283F0E060051A5AE /* Debug */ = {
			isa = XCBuildConfiguration;
			buildSettings = {
				ALWAYS_EMBED_SWIFT_STANDARD_LIBRARIES = YES;
				CODE_SIGN_STYLE = Automatic;
				CURRENT_PROJECT_VERSION = 1;
				DEVELOPMENT_TEAM = R27EL9WB63;
				GENERATE_INFOPLIST_FILE = YES;
				MARKETING_VERSION = 1.0;
				PRODUCT_BUNDLE_IDENTIFIER = com.azmobiledev.LifeHacksUITests;
				PRODUCT_NAME = "$(TARGET_NAME)";
				SWIFT_EMIT_LOC_STRINGS = NO;
				SWIFT_VERSION = 5.0;
				TARGETED_DEVICE_FAMILY = "1,2";
				TEST_TARGET_NAME = LifeHacks;
			};
			name = Debug;
		};
		5816CD73283F0E060051A5AE /* Release */ = {
			isa = XCBuildConfiguration;
			buildSettings = {
				ALWAYS_EMBED_SWIFT_STANDARD_LIBRARIES = YES;
				CODE_SIGN_STYLE = Automatic;
				CURRENT_PROJECT_VERSION = 1;
				DEVELOPMENT_TEAM = R27EL9WB63;
				GENERATE_INFOPLIST_FILE = YES;
				MARKETING_VERSION = 1.0;
				PRODUCT_BUNDLE_IDENTIFIER = com.azmobiledev.LifeHacksUITests;
				PRODUCT_NAME = "$(TARGET_NAME)";
				SWIFT_EMIT_LOC_STRINGS = NO;
				SWIFT_VERSION = 5.0;
				TARGETED_DEVICE_FAMILY = "1,2";
				TEST_TARGET_NAME = LifeHacks;
			};
			name = Release;
		};
/* End XCBuildConfiguration section */

/* Begin XCConfigurationList section */
		5816CD42283F0E050051A5AE /* Build configuration list for PBXProject "LifeHacks" */ = {
			isa = XCConfigurationList;
			buildConfigurations = (
				5816CD69283F0E060051A5AE /* Debug */,
				5816CD6A283F0E060051A5AE /* Release */,
			);
			defaultConfigurationIsVisible = 0;
			defaultConfigurationName = Release;
		};
		5816CD6B283F0E060051A5AE /* Build configuration list for PBXNativeTarget "LifeHacks" */ = {
			isa = XCConfigurationList;
			buildConfigurations = (
				5816CD6C283F0E060051A5AE /* Debug */,
				5816CD6D283F0E060051A5AE /* Release */,
			);
			defaultConfigurationIsVisible = 0;
			defaultConfigurationName = Release;
		};
		5816CD6E283F0E060051A5AE /* Build configuration list for PBXNativeTarget "LifeHacksTests" */ = {
			isa = XCConfigurationList;
			buildConfigurations = (
				5816CD6F283F0E060051A5AE /* Debug */,
				5816CD70283F0E060051A5AE /* Release */,
			);
			defaultConfigurationIsVisible = 0;
			defaultConfigurationName = Release;
		};
		5816CD71283F0E060051A5AE /* Build configuration list for PBXNativeTarget "LifeHacksUITests" */ = {
			isa = XCConfigurationList;
			buildConfigurations = (
				5816CD72283F0E060051A5AE /* Debug */,
				5816CD73283F0E060051A5AE /* Release */,
			);
			defaultConfigurationIsVisible = 0;
			defaultConfigurationName = Release;
		};
/* End XCConfigurationList section */
	};
	rootObject = 5816CD3F283F0E050051A5AE /* Project object */;
}
